[[package]]
category = "main"
description = "Python bindings for the Qt cross platform application toolkit"
name = "pyqt5"
optional = false
python-versions = ">=3.5"
version = "5.14.2"

[package.dependencies]
PyQt5-sip = ">=12.7,<13"

[[package]]
category = "main"
description = "The sip module support for PyQt5"
name = "pyqt5-sip"
optional = false
python-versions = ">=3.5"
version = "12.7.2"

[[package]]
category = "main"
description = "PEP561 stub files for the PyQt5 framework"
name = "pyqt5-stubs"
optional = false
python-versions = "*"
version = "5.14.2.0"

[metadata]
content-hash = "47c39567c1122e648afb2c377250f99ea767a579546f945a0a799d43dd19e4a4"
python-versions = "^3.7"

[metadata.hashes]
pyqt5 = ["3b91dd1d0cbfaea85ad057247ba621187e511434b0c9d6d40de69fd5e833b109", "a9bdc46ab1f6397770e6b8dca84ac07a0250d26b1a31587f25619cf31a075532", "bd230c6fd699eabf1ceb51e13a8b79b74c00a80272c622427b80141a22269eb0", "ee168a486c9a758511568147815e2959652cd0aabea832fa5e87cf6b241d2180", "f61ddc78547d6ca763323ccd4a9e374c71b29feda1f5ce2d3e91e4f8d2cf1942"]
pyqt5-sip = ["01919371d32b26208b2f0318f1e15680d3aa60d1ced1812a5dac8bdb483fea69", "11f8cc2de287c3457fee53e781f06fb71f04251e7ae408ed22696ed65fd2bcf4", "168a6d700daf366b7cf255a8cabf8d07bfe2294859e6b3b2636c36c2f89265c9", "16a19b9f36985b8bff30b89fb8859d831713dd528fba5600563e36ff077960a2", "16a9a4daf85bfaa3aec35237ff28d8773a3ec937d9f8dc7fc3db7716de42d4a9", "31c74602ccd6b70e4352550eb41aa980dc1d6009444f3c8eb1b844e84bd144cf", "360de29634e2ce1df84d2b588bd8c1a29b768f3a5225869d63adb03bc21bd32a", "3cb9076ba0e574b2f026759103eb0e12051128714f5aa136cca53229d3ad72d1", "4f87d59d29ca1c5a4005bbec27af002be787210dc5f8f87fe5d747883a836083", "65fceeea2ac738a92f7e3e459ece1b4e2fbf49fd1d6b732a73d0d4bcfc434452", "85e68b8936f1756060ddcb3ef0a84af78ce89993fa6594b3049a0eca53d6d2fa", "9dd5769e83e64d017d02981563c8159d825425b6c4998c937a880888f4dcb7a3", "a8a6c0512641fc042726b6253b2d5f3f3f800098334d198d8ebdf337d85ab3d7", "b068f4791e97427d82a27e7df28cc3ee33f7e4353f48ed6a123f8cdba44266b2", "b34c1f227a8f8e97059f20e5424f117f66a302b42e34d4039158494c6371b1ce", "b68cfe632a512c0551e8860f35c1fcab5cd1ad5e168b4814fddd88121f447b0a", "df4f5cdb86f47df5f6fc35be29cc45df7b5a2c171d07dbf377d558b226554ea3"]
pyqt5-stubs = ["7a9069e6e33f7398e320adae7ca592f50e4bced8654f78e40ff82921ee09f1f4"]
